{
  "nodes": {
    "flake-utils": {
      "locked": {
        "lastModified": 1623875721,
        "narHash": "sha256-A8BU7bjS5GirpAUv4QA+QnJ4CceLHkcXdRp4xITDB0s=",
        "owner": "numtide",
        "repo": "flake-utils",
        "rev": "f7e004a55b120c02ecb6219596820fcd32ca8772",
        "type": "github"
      },
      "original": {
        "owner": "numtide",
        "repo": "flake-utils",
        "type": "github"
      }
    },
    "nixpkgs": {
      "locked": {
        "lastModified": 1629127569,
        "narHash": "sha256-maOAks9z4xbV7TpEE8t5RfeQemOb7BCDHBuSwMFqijI=",
        "owner": "NixOS",
        "repo": "nixpkgs",
        "rev": "6e01aa7ca639260aa4c8e652656f132fd5bfeb19",
        "type": "github"
      },
      "original": {
        "id": "nixpkgs",
        "type": "indirect"
      }
    },
    "root": {
      "inputs": {
        "flake-utils": "flake-utils",
        "nixpkgs": "nixpkgs",
        "rust-overlay": "rust-overlay"
      }
    },
    "rust-overlay": {
      "flake": false,
      "locked": {
        "lastModified": 1629079954,
        "narHash": "sha256-/oDuK9Ddd1xEQDfiF9fDTzQ647QrpzRg96pHvWhgFXI=",
        "owner": "oxalica",
        "repo": "rust-overlay",
        "rev": "28b2c10de7dcbb10a88df2c1a1794e575a9bcb10",
        "type": "github"
      },
      "original": {
        "owner": "oxalica",
        "repo": "rust-overlay",
        "type": "github"
      }
    }
  },
  "root": "root",
  "version": 7
}
